// !$*UTF8*$!
{
	archiveVersion = 1;
	classes = {
	};
	objectVersion = 46;
	objects = {

/* Begin PBXBuildFile section */
		560DA6FB1527F9B8007C877B /* ELCTextfieldCell.m in Sources */ = {isa = PBXBuildFile; fileRef = 560DA6F61527F9B8007C877B /* ELCTextfieldCell.m */; };
		560DA6FC1527F9B8007C877B /* ELCTextFieldCellDemoAppDelegate.m in Sources */ = {isa = PBXBuildFile; fileRef = 560DA6F81527F9B8007C877B /* ELCTextFieldCellDemoAppDelegate.m */; };
		560DA6FD1527F9B8007C877B /* RootViewController.m in Sources */ = {isa = PBXBuildFile; fileRef = 560DA6FA1527F9B8007C877B /* RootViewController.m */; };
		560DA7231527FF2A007C877B /* FCLocalResourceManager.m in Sources */ = {isa = PBXBuildFile; fileRef = 560DA7221527FF2A007C877B /* FCLocalResourceManager.m */; };
		560DA748152827FC007C877B /* FCHtmlTemplates.m in Sources */ = {isa = PBXBuildFile; fileRef = 560DA747152827FC007C877B /* FCHtmlTemplates.m */; };
		5649FDA415257198008877B2 /* ECSlidingViewController.m in Sources */ = {isa = PBXBuildFile; fileRef = 5649FDA115257198008877B2 /* ECSlidingViewController.m */; };
		5649FDA515257198008877B2 /* UIImage+ImageWithUIView.m in Sources */ = {isa = PBXBuildFile; fileRef = 5649FDA315257198008877B2 /* UIImage+ImageWithUIView.m */; };
		5649FDAC15257913008877B2 /* FCSettingsViewController.m in Sources */ = {isa = PBXBuildFile; fileRef = 5649FDAB15257913008877B2 /* FCSettingsViewController.m */; };
		567254481523E5FA00046BA6 /* AppDelegate.m in Sources */ = {isa = PBXBuildFile; fileRef = 567254471523E5FA00046BA6 /* AppDelegate.m */; };
		567255411523E72100046BA6 /* AFHTTPClient.m in Sources */ = {isa = PBXBuildFile; fileRef = 5672552D1523E72100046BA6 /* AFHTTPClient.m */; };
		567255421523E72100046BA6 /* AFHTTPRequestOperation.m in Sources */ = {isa = PBXBuildFile; fileRef = 5672552F1523E72100046BA6 /* AFHTTPRequestOperation.m */; };
		567255431523E72100046BA6 /* AFImageRequestOperation.m in Sources */ = {isa = PBXBuildFile; fileRef = 567255311523E72100046BA6 /* AFImageRequestOperation.m */; };
		567255441523E72100046BA6 /* AFJSONRequestOperation.m in Sources */ = {isa = PBXBuildFile; fileRef = 567255331523E72100046BA6 /* AFJSONRequestOperation.m */; };
		567255451523E72100046BA6 /* AFJSONUtilities.m in Sources */ = {isa = PBXBuildFile; fileRef = 567255351523E72100046BA6 /* AFJSONUtilities.m */; };
		567255461523E72100046BA6 /* AFNetworkActivityIndicatorManager.m in Sources */ = {isa = PBXBuildFile; fileRef = 567255371523E72100046BA6 /* AFNetworkActivityIndicatorManager.m */; };
		567255471523E72100046BA6 /* AFPropertyListRequestOperation.m in Sources */ = {isa = PBXBuildFile; fileRef = 5672553A1523E72100046BA6 /* AFPropertyListRequestOperation.m */; };
		567255481523E72100046BA6 /* AFURLConnectionOperation.m in Sources */ = {isa = PBXBuildFile; fileRef = 5672553C1523E72100046BA6 /* AFURLConnectionOperation.m */; };
		567255491523E72100046BA6 /* AFXMLRequestOperation.m in Sources */ = {isa = PBXBuildFile; fileRef = 5672553E1523E72100046BA6 /* AFXMLRequestOperation.m */; };
		5672554A1523E72100046BA6 /* UIImageView+AFNetworking.m in Sources */ = {isa = PBXBuildFile; fileRef = 567255401523E72100046BA6 /* UIImageView+AFNetworking.m */; };
		5672554F1523E72900046BA6 /* SVProgressHUD.bundle in Resources */ = {isa = PBXBuildFile; fileRef = 5672554C1523E72900046BA6 /* SVProgressHUD.bundle */; };
		567255501523E72900046BA6 /* SVProgressHUD.m in Sources */ = {isa = PBXBuildFile; fileRef = 5672554E1523E72900046BA6 /* SVProgressHUD.m */; };
		567255571523E77600046BA6 /* FCService.m in Sources */ = {isa = PBXBuildFile; fileRef = 567255561523E77600046BA6 /* FCService.m */; };
		5672555A1523E7CE00046BA6 /* FCChatViewController.m in Sources */ = {isa = PBXBuildFile; fileRef = 567255591523E7CE00046BA6 /* FCChatViewController.m */; };
		567255611523EC4000046BA6 /* FCService+Messages.m in Sources */ = {isa = PBXBuildFile; fileRef = 567255601523EC4000046BA6 /* FCService+Messages.m */; };
		567255631523EE3600046BA6 /* YAJLiOS.framework in Frameworks */ = {isa = PBXBuildFile; fileRef = 567255621523EE3600046BA6 /* YAJLiOS.framework */; };
		5672556A1523F33000046BA6 /* FCMessage.m in Sources */ = {isa = PBXBuildFile; fileRef = 567255691523F33000046BA6 /* FCMessage.m */; };
		567255721523FDB300046BA6 /* UIExpandingTextView.m in Sources */ = {isa = PBXBuildFile; fileRef = 5672556D1523FDB300046BA6 /* UIExpandingTextView.m */; };
		567255731523FDB300046BA6 /* UIExpandingTextViewInternal.m in Sources */ = {isa = PBXBuildFile; fileRef = 5672556F1523FDB300046BA6 /* UIExpandingTextViewInternal.m */; };
		567255741523FDB300046BA6 /* UIInputToolbar.m in Sources */ = {isa = PBXBuildFile; fileRef = 567255711523FDB300046BA6 /* UIInputToolbar.m */; };
		567255911524D09100046BA6 /* buttonbg@2x~iphone.png in Resources */ = {isa = PBXBuildFile; fileRef = 5672558B1524D09100046BA6 /* buttonbg@2x~iphone.png */; };
		567255921524D09100046BA6 /* buttonbg~iphone.png in Resources */ = {isa = PBXBuildFile; fileRef = 5672558C1524D09100046BA6 /* buttonbg~iphone.png */; };
		567255931524D09100046BA6 /* textbg@2x~iphone.png in Resources */ = {isa = PBXBuildFile; fileRef = 5672558D1524D09100046BA6 /* textbg@2x~iphone.png */; };
		567255941524D09100046BA6 /* textbg~iphone.png in Resources */ = {isa = PBXBuildFile; fileRef = 5672558E1524D09100046BA6 /* textbg~iphone.png */; };
		567255951524D09100046BA6 /* toolbarbg@2x~iphone.png in Resources */ = {isa = PBXBuildFile; fileRef = 5672558F1524D09100046BA6 /* toolbarbg@2x~iphone.png */; };
		567255961524D09100046BA6 /* toolbarbg~iphone.png in Resources */ = {isa = PBXBuildFile; fileRef = 567255901524D09100046BA6 /* toolbarbg~iphone.png */; };
		567255991524D0AE00046BA6 /* index.html in Resources */ = {isa = PBXBuildFile; fileRef = 567255981524D0AE00046BA6 /* index.html */; };
		567255A01524D0E100046BA6 /* FCWebView.m in Sources */ = {isa = PBXBuildFile; fileRef = 5672559F1524D0E100046BA6 /* FCWebView.m */; };
		5687DEDA1523E33900177804 /* UIKit.framework in Frameworks */ = {isa = PBXBuildFile; fileRef = 5687DED91523E33900177804 /* UIKit.framework */; };
		5687DEDC1523E33900177804 /* Foundation.framework in Frameworks */ = {isa = PBXBuildFile; fileRef = 5687DEDB1523E33900177804 /* Foundation.framework */; };
		5687DEDE1523E33900177804 /* CoreGraphics.framework in Frameworks */ = {isa = PBXBuildFile; fileRef = 5687DEDD1523E33900177804 /* CoreGraphics.framework */; };
		5687DEE41523E33900177804 /* InfoPlist.strings in Resources */ = {isa = PBXBuildFile; fileRef = 5687DEE21523E33900177804 /* InfoPlist.strings */; };
		5687DEE61523E33900177804 /* main.m in Sources */ = {isa = PBXBuildFile; fileRef = 5687DEE51523E33900177804 /* main.m */; };
/* End PBXBuildFile section */

/* Begin PBXFileReference section */
		560DA6F51527F9B8007C877B /* ELCTextfieldCell.h */ = {isa = PBXFileReference; fileEncoding = 4; lastKnownFileType = sourcecode.c.h; path = ELCTextfieldCell.h; sourceTree = "<group>"; };
		560DA6F61527F9B8007C877B /* ELCTextfieldCell.m */ = {isa = PBXFileReference; fileEncoding = 4; lastKnownFileType = sourcecode.c.objc; path = ELCTextfieldCell.m; sourceTree = "<group>"; };
		560DA6F71527F9B8007C877B /* ELCTextFieldCellDemoAppDelegate.h */ = {isa = PBXFileReference; fileEncoding = 4; lastKnownFileType = sourcecode.c.h; path = ELCTextFieldCellDemoAppDelegate.h; sourceTree = "<group>"; };
		560DA6F81527F9B8007C877B /* ELCTextFieldCellDemoAppDelegate.m */ = {isa = PBXFileReference; fileEncoding = 4; lastKnownFileType = sourcecode.c.objc; path = ELCTextFieldCellDemoAppDelegate.m; sourceTree = "<group>"; };
		560DA6F91527F9B8007C877B /* RootViewController.h */ = {isa = PBXFileReference; fileEncoding = 4; lastKnownFileType = sourcecode.c.h; path = RootViewController.h; sourceTree = "<group>"; };
		560DA6FA1527F9B8007C877B /* RootViewController.m */ = {isa = PBXFileReference; fileEncoding = 4; lastKnownFileType = sourcecode.c.objc; path = RootViewController.m; sourceTree = "<group>"; };
		560DA7211527FF2A007C877B /* FCLocalResourceManager.h */ = {isa = PBXFileReference; fileEncoding = 4; lastKnownFileType = sourcecode.c.h; path = FCLocalResourceManager.h; sourceTree = "<group>"; };
		560DA7221527FF2A007C877B /* FCLocalResourceManager.m */ = {isa = PBXFileReference; fileEncoding = 4; lastKnownFileType = sourcecode.c.objc; path = FCLocalResourceManager.m; sourceTree = "<group>"; };
		560DA746152827FC007C877B /* FCHtmlTemplates.h */ = {isa = PBXFileReference; fileEncoding = 4; lastKnownFileType = sourcecode.c.h; path = FCHtmlTemplates.h; sourceTree = "<group>"; };
		560DA747152827FC007C877B /* FCHtmlTemplates.m */ = {isa = PBXFileReference; fileEncoding = 4; lastKnownFileType = sourcecode.c.objc; path = FCHtmlTemplates.m; sourceTree = "<group>"; };
		5649FDA015257198008877B2 /* ECSlidingViewController.h */ = {isa = PBXFileReference; fileEncoding = 4; lastKnownFileType = sourcecode.c.h; path = ECSlidingViewController.h; sourceTree = "<group>"; };
		5649FDA115257198008877B2 /* ECSlidingViewController.m */ = {isa = PBXFileReference; fileEncoding = 4; lastKnownFileType = sourcecode.c.objc; path = ECSlidingViewController.m; sourceTree = "<group>"; };
		5649FDA215257198008877B2 /* UIImage+ImageWithUIView.h */ = {isa = PBXFileReference; fileEncoding = 4; lastKnownFileType = sourcecode.c.h; path = "UIImage+ImageWithUIView.h"; sourceTree = "<group>"; };
		5649FDA315257198008877B2 /* UIImage+ImageWithUIView.m */ = {isa = PBXFileReference; fileEncoding = 4; lastKnownFileType = sourcecode.c.objc; path = "UIImage+ImageWithUIView.m"; sourceTree = "<group>"; };
		5649FDAA15257913008877B2 /* FCSettingsViewController.h */ = {isa = PBXFileReference; fileEncoding = 4; lastKnownFileType = sourcecode.c.h; path = FCSettingsViewController.h; sourceTree = "<group>"; };
		5649FDAB15257913008877B2 /* FCSettingsViewController.m */ = {isa = PBXFileReference; fileEncoding = 4; lastKnownFileType = sourcecode.c.objc; path = FCSettingsViewController.m; sourceTree = "<group>"; };
		567254461523E5FA00046BA6 /* AppDelegate.h */ = {isa = PBXFileReference; fileEncoding = 4; lastKnownFileType = sourcecode.c.h; path = AppDelegate.h; sourceTree = "<group>"; };
		567254471523E5FA00046BA6 /* AppDelegate.m */ = {isa = PBXFileReference; fileEncoding = 4; lastKnownFileType = sourcecode.c.objc; path = AppDelegate.m; sourceTree = "<group>"; };
		5672552C1523E72100046BA6 /* AFHTTPClient.h */ = {isa = PBXFileReference; fileEncoding = 4; lastKnownFileType = sourcecode.c.h; path = AFHTTPClient.h; sourceTree = "<group>"; };
		5672552D1523E72100046BA6 /* AFHTTPClient.m */ = {isa = PBXFileReference; fileEncoding = 4; lastKnownFileType = sourcecode.c.objc; path = AFHTTPClient.m; sourceTree = "<group>"; };
		5672552E1523E72100046BA6 /* AFHTTPRequestOperation.h */ = {isa = PBXFileReference; fileEncoding = 4; lastKnownFileType = sourcecode.c.h; path = AFHTTPRequestOperation.h; sourceTree = "<group>"; };
		5672552F1523E72100046BA6 /* AFHTTPRequestOperation.m */ = {isa = PBXFileReference; fileEncoding = 4; lastKnownFileType = sourcecode.c.objc; path = AFHTTPRequestOperation.m; sourceTree = "<group>"; };
		567255301523E72100046BA6 /* AFImageRequestOperation.h */ = {isa = PBXFileReference; fileEncoding = 4; lastKnownFileType = sourcecode.c.h; path = AFImageRequestOperation.h; sourceTree = "<group>"; };
		567255311523E72100046BA6 /* AFImageRequestOperation.m */ = {isa = PBXFileReference; fileEncoding = 4; lastKnownFileType = sourcecode.c.objc; path = AFImageRequestOperation.m; sourceTree = "<group>"; };
		567255321523E72100046BA6 /* AFJSONRequestOperation.h */ = {isa = PBXFileReference; fileEncoding = 4; lastKnownFileType = sourcecode.c.h; path = AFJSONRequestOperation.h; sourceTree = "<group>"; };
		567255331523E72100046BA6 /* AFJSONRequestOperation.m */ = {isa = PBXFileReference; fileEncoding = 4; lastKnownFileType = sourcecode.c.objc; path = AFJSONRequestOperation.m; sourceTree = "<group>"; };
		567255341523E72100046BA6 /* AFJSONUtilities.h */ = {isa = PBXFileReference; fileEncoding = 4; lastKnownFileType = sourcecode.c.h; path = AFJSONUtilities.h; sourceTree = "<group>"; };
		567255351523E72100046BA6 /* AFJSONUtilities.m */ = {isa = PBXFileReference; fileEncoding = 4; lastKnownFileType = sourcecode.c.objc; path = AFJSONUtilities.m; sourceTree = "<group>"; };
		567255361523E72100046BA6 /* AFNetworkActivityIndicatorManager.h */ = {isa = PBXFileReference; fileEncoding = 4; lastKnownFileType = sourcecode.c.h; path = AFNetworkActivityIndicatorManager.h; sourceTree = "<group>"; };
		567255371523E72100046BA6 /* AFNetworkActivityIndicatorManager.m */ = {isa = PBXFileReference; fileEncoding = 4; lastKnownFileType = sourcecode.c.objc; path = AFNetworkActivityIndicatorManager.m; sourceTree = "<group>"; };
		567255381523E72100046BA6 /* AFNetworking.h */ = {isa = PBXFileReference; fileEncoding = 4; lastKnownFileType = sourcecode.c.h; path = AFNetworking.h; sourceTree = "<group>"; };
		567255391523E72100046BA6 /* AFPropertyListRequestOperation.h */ = {isa = PBXFileReference; fileEncoding = 4; lastKnownFileType = sourcecode.c.h; path = AFPropertyListRequestOperation.h; sourceTree = "<group>"; };
		5672553A1523E72100046BA6 /* AFPropertyListRequestOperation.m */ = {isa = PBXFileReference; fileEncoding = 4; lastKnownFileType = sourcecode.c.objc; path = AFPropertyListRequestOperation.m; sourceTree = "<group>"; };
		5672553B1523E72100046BA6 /* AFURLConnectionOperation.h */ = {isa = PBXFileReference; fileEncoding = 4; lastKnownFileType = sourcecode.c.h; path = AFURLConnectionOperation.h; sourceTree = "<group>"; };
		5672553C1523E72100046BA6 /* AFURLConnectionOperation.m */ = {isa = PBXFileReference; fileEncoding = 4; lastKnownFileType = sourcecode.c.objc; path = AFURLConnectionOperation.m; sourceTree = "<group>"; };
		5672553D1523E72100046BA6 /* AFXMLRequestOperation.h */ = {isa = PBXFileReference; fileEncoding = 4; lastKnownFileType = sourcecode.c.h; path = AFXMLRequestOperation.h; sourceTree = "<group>"; };
		5672553E1523E72100046BA6 /* AFXMLRequestOperation.m */ = {isa = PBXFileReference; fileEncoding = 4; lastKnownFileType = sourcecode.c.objc; path = AFXMLRequestOperation.m; sourceTree = "<group>"; };
		5672553F1523E72100046BA6 /* UIImageView+AFNetworking.h */ = {isa = PBXFileReference; fileEncoding = 4; lastKnownFileType = sourcecode.c.h; path = "UIImageView+AFNetworking.h"; sourceTree = "<group>"; };
		567255401523E72100046BA6 /* UIImageView+AFNetworking.m */ = {isa = PBXFileReference; fileEncoding = 4; lastKnownFileType = sourcecode.c.objc; path = "UIImageView+AFNetworking.m"; sourceTree = "<group>"; };
		5672554C1523E72900046BA6 /* SVProgressHUD.bundle */ = {isa = PBXFileReference; lastKnownFileType = "wrapper.plug-in"; path = SVProgressHUD.bundle; sourceTree = "<group>"; };
		5672554D1523E72900046BA6 /* SVProgressHUD.h */ = {isa = PBXFileReference; fileEncoding = 4; lastKnownFileType = sourcecode.c.h; path = SVProgressHUD.h; sourceTree = "<group>"; };
		5672554E1523E72900046BA6 /* SVProgressHUD.m */ = {isa = PBXFileReference; fileEncoding = 4; lastKnownFileType = sourcecode.c.objc; path = SVProgressHUD.m; sourceTree = "<group>"; };
		567255551523E77600046BA6 /* FCService.h */ = {isa = PBXFileReference; fileEncoding = 4; lastKnownFileType = sourcecode.c.h; path = FCService.h; sourceTree = "<group>"; };
		567255561523E77600046BA6 /* FCService.m */ = {isa = PBXFileReference; fileEncoding = 4; lastKnownFileType = sourcecode.c.objc; path = FCService.m; sourceTree = "<group>"; };
		567255581523E7CE00046BA6 /* FCChatViewController.h */ = {isa = PBXFileReference; fileEncoding = 4; lastKnownFileType = sourcecode.c.h; path = FCChatViewController.h; sourceTree = "<group>"; };
		567255591523E7CE00046BA6 /* FCChatViewController.m */ = {isa = PBXFileReference; fileEncoding = 4; lastKnownFileType = sourcecode.c.objc; path = FCChatViewController.m; sourceTree = "<group>"; };
		5672555E1523E97900046BA6 /* FCConstants.h */ = {isa = PBXFileReference; lastKnownFileType = sourcecode.c.h; path = FCConstants.h; sourceTree = "<group>"; };
		5672555F1523EC4000046BA6 /* FCService+Messages.h */ = {isa = PBXFileReference; fileEncoding = 4; lastKnownFileType = sourcecode.c.h; path = "FCService+Messages.h"; sourceTree = "<group>"; };
		567255601523EC4000046BA6 /* FCService+Messages.m */ = {isa = PBXFileReference; fileEncoding = 4; lastKnownFileType = sourcecode.c.objc; path = "FCService+Messages.m"; sourceTree = "<group>"; };
		567255621523EE3600046BA6 /* YAJLiOS.framework */ = {isa = PBXFileReference; lastKnownFileType = wrapper.framework; path = YAJLiOS.framework; sourceTree = "<group>"; };
		567255681523F33000046BA6 /* FCMessage.h */ = {isa = PBXFileReference; fileEncoding = 4; lastKnownFileType = sourcecode.c.h; path = FCMessage.h; sourceTree = "<group>"; };
		567255691523F33000046BA6 /* FCMessage.m */ = {isa = PBXFileReference; fileEncoding = 4; lastKnownFileType = sourcecode.c.objc; path = FCMessage.m; sourceTree = "<group>"; };
		5672556C1523FDB300046BA6 /* UIExpandingTextView.h */ = {isa = PBXFileReference; fileEncoding = 4; lastKnownFileType = sourcecode.c.h; path = UIExpandingTextView.h; sourceTree = "<group>"; };
		5672556D1523FDB300046BA6 /* UIExpandingTextView.m */ = {isa = PBXFileReference; fileEncoding = 4; lastKnownFileType = sourcecode.c.objc; path = UIExpandingTextView.m; sourceTree = "<group>"; };
		5672556E1523FDB300046BA6 /* UIExpandingTextViewInternal.h */ = {isa = PBXFileReference; fileEncoding = 4; lastKnownFileType = sourcecode.c.h; path = UIExpandingTextViewInternal.h; sourceTree = "<group>"; };
		5672556F1523FDB300046BA6 /* UIExpandingTextViewInternal.m */ = {isa = PBXFileReference; fileEncoding = 4; lastKnownFileType = sourcecode.c.objc; path = UIExpandingTextViewInternal.m; sourceTree = "<group>"; };
		567255701523FDB300046BA6 /* UIInputToolbar.h */ = {isa = PBXFileReference; fileEncoding = 4; lastKnownFileType = sourcecode.c.h; path = UIInputToolbar.h; sourceTree = "<group>"; };
		567255711523FDB300046BA6 /* UIInputToolbar.m */ = {isa = PBXFileReference; fileEncoding = 4; lastKnownFileType = sourcecode.c.objc; path = UIInputToolbar.m; sourceTree = "<group>"; };
		5672558B1524D09100046BA6 /* buttonbg@2x~iphone.png */ = {isa = PBXFileReference; lastKnownFileType = image.png; path = "buttonbg@2x~iphone.png"; sourceTree = "<group>"; };
		5672558C1524D09100046BA6 /* buttonbg~iphone.png */ = {isa = PBXFileReference; lastKnownFileType = image.png; path = "buttonbg~iphone.png"; sourceTree = "<group>"; };
		5672558D1524D09100046BA6 /* textbg@2x~iphone.png */ = {isa = PBXFileReference; lastKnownFileType = image.png; path = "textbg@2x~iphone.png"; sourceTree = "<group>"; };
		5672558E1524D09100046BA6 /* textbg~iphone.png */ = {isa = PBXFileReference; lastKnownFileType = image.png; path = "textbg~iphone.png"; sourceTree = "<group>"; };
		5672558F1524D09100046BA6 /* toolbarbg@2x~iphone.png */ = {isa = PBXFileReference; lastKnownFileType = image.png; path = "toolbarbg@2x~iphone.png"; sourceTree = "<group>"; };
		567255901524D09100046BA6 /* toolbarbg~iphone.png */ = {isa = PBXFileReference; lastKnownFileType = image.png; path = "toolbarbg~iphone.png"; sourceTree = "<group>"; };
		567255981524D0AE00046BA6 /* index.html */ = {isa = PBXFileReference; fileEncoding = 4; lastKnownFileType = text.html; path = index.html; sourceTree = "<group>"; };
		5672559E1524D0E100046BA6 /* FCWebView.h */ = {isa = PBXFileReference; fileEncoding = 4; lastKnownFileType = sourcecode.c.h; path = FCWebView.h; sourceTree = "<group>"; };
		5672559F1524D0E100046BA6 /* FCWebView.m */ = {isa = PBXFileReference; fileEncoding = 4; lastKnownFileType = sourcecode.c.objc; path = FCWebView.m; sourceTree = "<group>"; };
		5687DED51523E33900177804 /* FireChat.app */ = {isa = PBXFileReference; explicitFileType = wrapper.application; includeInIndex = 0; path = FireChat.app; sourceTree = BUILT_PRODUCTS_DIR; };
		5687DED91523E33900177804 /* UIKit.framework */ = {isa = PBXFileReference; lastKnownFileType = wrapper.framework; name = UIKit.framework; path = System/Library/Frameworks/UIKit.framework; sourceTree = SDKROOT; };
		5687DEDB1523E33900177804 /* Foundation.framework */ = {isa = PBXFileReference; lastKnownFileType = wrapper.framework; name = Foundation.framework; path = System/Library/Frameworks/Foundation.framework; sourceTree = SDKROOT; };
		5687DEDD1523E33900177804 /* CoreGraphics.framework */ = {isa = PBXFileReference; lastKnownFileType = wrapper.framework; name = CoreGraphics.framework; path = System/Library/Frameworks/CoreGraphics.framework; sourceTree = SDKROOT; };
		5687DEE11523E33900177804 /* FireChat-Info.plist */ = {isa = PBXFileReference; lastKnownFileType = text.plist.xml; path = "FireChat-Info.plist"; sourceTree = "<group>"; };
		5687DEE31523E33900177804 /* en */ = {isa = PBXFileReference; lastKnownFileType = text.plist.strings; name = en; path = en.lproj/InfoPlist.strings; sourceTree = "<group>"; };
		5687DEE51523E33900177804 /* main.m */ = {isa = PBXFileReference; lastKnownFileType = sourcecode.c.objc; path = main.m; sourceTree = "<group>"; };
		5687DEE71523E33900177804 /* FireChat-Prefix.pch */ = {isa = PBXFileReference; lastKnownFileType = sourcecode.c.h; path = "FireChat-Prefix.pch"; sourceTree = "<group>"; };
/* End PBXFileReference section */

/* Begin PBXFrameworksBuildPhase section */
		5687DED21523E33900177804 /* Frameworks */ = {
			isa = PBXFrameworksBuildPhase;
			buildActionMask = 2147483647;
			files = (
				5687DEDA1523E33900177804 /* UIKit.framework in Frameworks */,
				5687DEDC1523E33900177804 /* Foundation.framework in Frameworks */,
				5687DEDE1523E33900177804 /* CoreGraphics.framework in Frameworks */,
				567255631523EE3600046BA6 /* YAJLiOS.framework in Frameworks */,
			);
			runOnlyForDeploymentPostprocessing = 0;
		};
/* End PBXFrameworksBuildPhase section */

/* Begin PBXGroup section */
		560DA6F41527F9B8007C877B /* ELCTextField */ = {
			isa = PBXGroup;
			children = (
				560DA6F51527F9B8007C877B /* ELCTextfieldCell.h */,
				560DA6F61527F9B8007C877B /* ELCTextfieldCell.m */,
				560DA6F71527F9B8007C877B /* ELCTextFieldCellDemoAppDelegate.h */,
				560DA6F81527F9B8007C877B /* ELCTextFieldCellDemoAppDelegate.m */,
				560DA6F91527F9B8007C877B /* RootViewController.h */,
				560DA6FA1527F9B8007C877B /* RootViewController.m */,
			);
			path = ELCTextField;
			sourceTree = "<group>";
		};
		560DA7201527FF2A007C877B /* Managers */ = {
			isa = PBXGroup;
			children = (
				560DA7211527FF2A007C877B /* FCLocalResourceManager.h */,
				560DA7221527FF2A007C877B /* FCLocalResourceManager.m */,
			);
			path = Managers;
			sourceTree = "<group>";
		};
		560DA745152827FC007C877B /* Templates */ = {
			isa = PBXGroup;
			children = (
				560DA746152827FC007C877B /* FCHtmlTemplates.h */,
				560DA747152827FC007C877B /* FCHtmlTemplates.m */,
			);
			path = Templates;
			sourceTree = "<group>";
		};
		5649FD9F15257198008877B2 /* ECSlidingViewController */ = {
			isa = PBXGroup;
			children = (
				5649FDA015257198008877B2 /* ECSlidingViewController.h */,
				5649FDA115257198008877B2 /* ECSlidingViewController.m */,
				5649FDA215257198008877B2 /* UIImage+ImageWithUIView.h */,
				5649FDA315257198008877B2 /* UIImage+ImageWithUIView.m */,
			);
			path = ECSlidingViewController;
			sourceTree = "<group>";
		};
		567254451523E5FA00046BA6 /* Delegate */ = {
			isa = PBXGroup;
			children = (
				567254461523E5FA00046BA6 /* AppDelegate.h */,
				567254471523E5FA00046BA6 /* AppDelegate.m */,
			);
			path = Delegate;
			sourceTree = "<group>";
		};
		5672544A1523E62500046BA6 /* Controllers */ = {
			isa = PBXGroup;
			children = (
				567255581523E7CE00046BA6 /* FCChatViewController.h */,
				567255591523E7CE00046BA6 /* FCChatViewController.m */,
				5649FDAA15257913008877B2 /* FCSettingsViewController.h */,
				5649FDAB15257913008877B2 /* FCSettingsViewController.m */,
			);
			path = Controllers;
			sourceTree = "<group>";
		};
		5672544E1523E66B00046BA6 /* Libraries */ = {
			isa = PBXGroup;
			children = (
				5672552B1523E72100046BA6 /* AFNetworking */,
				560DA6F41527F9B8007C877B /* ELCTextField */,
				5649FD9F15257198008877B2 /* ECSlidingViewController */,
				5672554B1523E72900046BA6 /* SVProgressHUD */,
				5672556B1523FDB300046BA6 /* UIInputToolbar */,
			);
			path = Libraries;
			sourceTree = "<group>";
		};
		5672552B1523E72100046BA6 /* AFNetworking */ = {
			isa = PBXGroup;
			children = (
				5672552C1523E72100046BA6 /* AFHTTPClient.h */,
				5672552D1523E72100046BA6 /* AFHTTPClient.m */,
				5672552E1523E72100046BA6 /* AFHTTPRequestOperation.h */,
				5672552F1523E72100046BA6 /* AFHTTPRequestOperation.m */,
				567255301523E72100046BA6 /* AFImageRequestOperation.h */,
				567255311523E72100046BA6 /* AFImageRequestOperation.m */,
				567255321523E72100046BA6 /* AFJSONRequestOperation.h */,
				567255331523E72100046BA6 /* AFJSONRequestOperation.m */,
				567255341523E72100046BA6 /* AFJSONUtilities.h */,
				567255351523E72100046BA6 /* AFJSONUtilities.m */,
				567255361523E72100046BA6 /* AFNetworkActivityIndicatorManager.h */,
				567255371523E72100046BA6 /* AFNetworkActivityIndicatorManager.m */,
				567255381523E72100046BA6 /* AFNetworking.h */,
				567255391523E72100046BA6 /* AFPropertyListRequestOperation.h */,
				5672553A1523E72100046BA6 /* AFPropertyListRequestOperation.m */,
				5672553B1523E72100046BA6 /* AFURLConnectionOperation.h */,
				5672553C1523E72100046BA6 /* AFURLConnectionOperation.m */,
				5672553D1523E72100046BA6 /* AFXMLRequestOperation.h */,
				5672553E1523E72100046BA6 /* AFXMLRequestOperation.m */,
				5672553F1523E72100046BA6 /* UIImageView+AFNetworking.h */,
				567255401523E72100046BA6 /* UIImageView+AFNetworking.m */,
			);
			path = AFNetworking;
			sourceTree = "<group>";
		};
		5672554B1523E72900046BA6 /* SVProgressHUD */ = {
			isa = PBXGroup;
			children = (
				5672554C1523E72900046BA6 /* SVProgressHUD.bundle */,
				5672554D1523E72900046BA6 /* SVProgressHUD.h */,
				5672554E1523E72900046BA6 /* SVProgressHUD.m */,
			);
			path = SVProgressHUD;
			sourceTree = "<group>";
		};
		567255541523E77600046BA6 /* Service */ = {
			isa = PBXGroup;
			children = (
				567255551523E77600046BA6 /* FCService.h */,
				567255561523E77600046BA6 /* FCService.m */,
				5672555F1523EC4000046BA6 /* FCService+Messages.h */,
				567255601523EC4000046BA6 /* FCService+Messages.m */,
			);
			path = Service;
			sourceTree = "<group>";
		};
		5672555C1523E8C700046BA6 /* Constants */ = {
			isa = PBXGroup;
			children = (
				5672555E1523E97900046BA6 /* FCConstants.h */,
			);
			path = Constants;
			sourceTree = "<group>";
		};
		567255671523F33000046BA6 /* Models */ = {
			isa = PBXGroup;
			children = (
				567255681523F33000046BA6 /* FCMessage.h */,
				567255691523F33000046BA6 /* FCMessage.m */,
			);
			path = Models;
			sourceTree = "<group>";
		};
		5672556B1523FDB300046BA6 /* UIInputToolbar */ = {
			isa = PBXGroup;
			children = (
				5672556C1523FDB300046BA6 /* UIExpandingTextView.h */,
				5672556D1523FDB300046BA6 /* UIExpandingTextView.m */,
				5672556E1523FDB300046BA6 /* UIExpandingTextViewInternal.h */,
				5672556F1523FDB300046BA6 /* UIExpandingTextViewInternal.m */,
				567255701523FDB300046BA6 /* UIInputToolbar.h */,
				567255711523FDB300046BA6 /* UIInputToolbar.m */,
			);
			path = UIInputToolbar;
			sourceTree = "<group>";
		};
		567255791523FF9600046BA6 /* Resources */ = {
			isa = PBXGroup;
			children = (
				567255971524D0AE00046BA6 /* HTML */,
				5672558A1524D09100046BA6 /* Images */,
				560DA745152827FC007C877B /* Templates */,
			);
			path = Resources;
			sourceTree = "<group>";
		};
		5672558A1524D09100046BA6 /* Images */ = {
			isa = PBXGroup;
			children = (
				5672558B1524D09100046BA6 /* buttonbg@2x~iphone.png */,
				5672558C1524D09100046BA6 /* buttonbg~iphone.png */,
				5672558D1524D09100046BA6 /* textbg@2x~iphone.png */,
				5672558E1524D09100046BA6 /* textbg~iphone.png */,
				5672558F1524D09100046BA6 /* toolbarbg@2x~iphone.png */,
				567255901524D09100046BA6 /* toolbarbg~iphone.png */,
			);
			path = Images;
			sourceTree = "<group>";
		};
		567255971524D0AE00046BA6 /* HTML */ = {
			isa = PBXGroup;
			children = (
				567255981524D0AE00046BA6 /* index.html */,
			);
			path = HTML;
			sourceTree = "<group>";
		};
		5672559D1524D0E100046BA6 /* Views */ = {
			isa = PBXGroup;
			children = (
				5672559E1524D0E100046BA6 /* FCWebView.h */,
				5672559F1524D0E100046BA6 /* FCWebView.m */,
			);
			path = Views;
			sourceTree = "<group>";
		};
		5687DECA1523E33900177804 = {
			isa = PBXGroup;
			children = (
				5687DEDF1523E33900177804 /* FireChat */,
				5687DED81523E33900177804 /* Frameworks */,
				5687DED61523E33900177804 /* Products */,
			);
			sourceTree = "<group>";
		};
		5687DED61523E33900177804 /* Products */ = {
			isa = PBXGroup;
			children = (
				5687DED51523E33900177804 /* FireChat.app */,
			);
			name = Products;
			sourceTree = "<group>";
		};
		5687DED81523E33900177804 /* Frameworks */ = {
			isa = PBXGroup;
			children = (
				567255621523EE3600046BA6 /* YAJLiOS.framework */,
				5687DED91523E33900177804 /* UIKit.framework */,
				5687DEDB1523E33900177804 /* Foundation.framework */,
				5687DEDD1523E33900177804 /* CoreGraphics.framework */,
			);
			name = Frameworks;
			sourceTree = "<group>";
		};
		5687DEDF1523E33900177804 /* FireChat */ = {
			isa = PBXGroup;
			children = (
				5672555C1523E8C700046BA6 /* Constants */,
				5672544A1523E62500046BA6 /* Controllers */,
				567254451523E5FA00046BA6 /* Delegate */,
				5672544E1523E66B00046BA6 /* Libraries */,
				560DA7201527FF2A007C877B /* Managers */,
				567255671523F33000046BA6 /* Models */,
				567255791523FF9600046BA6 /* Resources */,
				567255541523E77600046BA6 /* Service */,
				5687DEE01523E33900177804 /* Supporting Files */,
				5672559D1524D0E100046BA6 /* Views */,
			);
			path = FireChat;
			sourceTree = "<group>";
		};
		5687DEE01523E33900177804 /* Supporting Files */ = {
			isa = PBXGroup;
			children = (
				5687DEE11523E33900177804 /* FireChat-Info.plist */,
				5687DEE21523E33900177804 /* InfoPlist.strings */,
				5687DEE51523E33900177804 /* main.m */,
				5687DEE71523E33900177804 /* FireChat-Prefix.pch */,
			);
			name = "Supporting Files";
			sourceTree = "<group>";
		};
/* End PBXGroup section */

/* Begin PBXNativeTarget section */
		5687DED41523E33900177804 /* FireChat */ = {
			isa = PBXNativeTarget;
			buildConfigurationList = 5687DEF31523E33900177804 /* Build configuration list for PBXNativeTarget "FireChat" */;
			buildPhases = (
				5687DED11523E33900177804 /* Sources */,
				5687DED21523E33900177804 /* Frameworks */,
				5687DED31523E33900177804 /* Resources */,
			);
			buildRules = (
			);
			dependencies = (
			);
			name = FireChat;
			productName = FireChat;
			productReference = 5687DED51523E33900177804 /* FireChat.app */;
			productType = "com.apple.product-type.application";
		};
/* End PBXNativeTarget section */

/* Begin PBXProject section */
		5687DECC1523E33900177804 /* Project object */ = {
			isa = PBXProject;
			attributes = {
				LastUpgradeCheck = 0430;
			};
			buildConfigurationList = 5687DECF1523E33900177804 /* Build configuration list for PBXProject "FireChat" */;
			compatibilityVersion = "Xcode 3.2";
			developmentRegion = English;
			hasScannedForEncodings = 0;
			knownRegions = (
				en,
			);
			mainGroup = 5687DECA1523E33900177804;
			productRefGroup = 5687DED61523E33900177804 /* Products */;
			projectDirPath = "";
			projectRoot = "";
			targets = (
				5687DED41523E33900177804 /* FireChat */,
			);
		};
/* End PBXProject section */

/* Begin PBXResourcesBuildPhase section */
		5687DED31523E33900177804 /* Resources */ = {
			isa = PBXResourcesBuildPhase;
			buildActionMask = 2147483647;
			files = (
				5687DEE41523E33900177804 /* InfoPlist.strings in Resources */,
				5672554F1523E72900046BA6 /* SVProgressHUD.bundle in Resources */,
				567255911524D09100046BA6 /* buttonbg@2x~iphone.png in Resources */,
				567255921524D09100046BA6 /* buttonbg~iphone.png in Resources */,
				567255931524D09100046BA6 /* textbg@2x~iphone.png in Resources */,
				567255941524D09100046BA6 /* textbg~iphone.png in Resources */,
				567255951524D09100046BA6 /* toolbarbg@2x~iphone.png in Resources */,
				567255961524D09100046BA6 /* toolbarbg~iphone.png in Resources */,
				567255991524D0AE00046BA6 /* index.html in Resources */,
			);
			runOnlyForDeploymentPostprocessing = 0;
		};
/* End PBXResourcesBuildPhase section */

/* Begin PBXSourcesBuildPhase section */
		5687DED11523E33900177804 /* Sources */ = {
			isa = PBXSourcesBuildPhase;
			buildActionMask = 2147483647;
			files = (
				5687DEE61523E33900177804 /* main.m in Sources */,
				567254481523E5FA00046BA6 /* AppDelegate.m in Sources */,
				567255411523E72100046BA6 /* AFHTTPClient.m in Sources */,
				567255421523E72100046BA6 /* AFHTTPRequestOperation.m in Sources */,
				567255431523E72100046BA6 /* AFImageRequestOperation.m in Sources */,
				567255441523E72100046BA6 /* AFJSONRequestOperation.m in Sources */,
				567255451523E72100046BA6 /* AFJSONUtilities.m in Sources */,
				567255461523E72100046BA6 /* AFNetworkActivityIndicatorManager.m in Sources */,
				567255471523E72100046BA6 /* AFPropertyListRequestOperation.m in Sources */,
				567255481523E72100046BA6 /* AFURLConnectionOperation.m in Sources */,
				567255491523E72100046BA6 /* AFXMLRequestOperation.m in Sources */,
				5672554A1523E72100046BA6 /* UIImageView+AFNetworking.m in Sources */,
				567255501523E72900046BA6 /* SVProgressHUD.m in Sources */,
				567255571523E77600046BA6 /* FCService.m in Sources */,
				5672555A1523E7CE00046BA6 /* FCChatViewController.m in Sources */,
				567255611523EC4000046BA6 /* FCService+Messages.m in Sources */,
				5672556A1523F33000046BA6 /* FCMessage.m in Sources */,
				567255721523FDB300046BA6 /* UIExpandingTextView.m in Sources */,
				567255731523FDB300046BA6 /* UIExpandingTextViewInternal.m in Sources */,
				567255741523FDB300046BA6 /* UIInputToolbar.m in Sources */,
				567255A01524D0E100046BA6 /* FCWebView.m in Sources */,
				5649FDA415257198008877B2 /* ECSlidingViewController.m in Sources */,
				5649FDA515257198008877B2 /* UIImage+ImageWithUIView.m in Sources */,
				5649FDAC15257913008877B2 /* FCSettingsViewController.m in Sources */,
				560DA6FB1527F9B8007C877B /* ELCTextfieldCell.m in Sources */,
				560DA6FC1527F9B8007C877B /* ELCTextFieldCellDemoAppDelegate.m in Sources */,
				560DA6FD1527F9B8007C877B /* RootViewController.m in Sources */,
				560DA7231527FF2A007C877B /* FCLocalResourceManager.m in Sources */,
				560DA748152827FC007C877B /* FCHtmlTemplates.m in Sources */,
			);
			runOnlyForDeploymentPostprocessing = 0;
		};
/* End PBXSourcesBuildPhase section */

/* Begin PBXVariantGroup section */
		5687DEE21523E33900177804 /* InfoPlist.strings */ = {
			isa = PBXVariantGroup;
			children = (
				5687DEE31523E33900177804 /* en */,
			);
			name = InfoPlist.strings;
			sourceTree = "<group>";
		};
/* End PBXVariantGroup section */

/* Begin XCBuildConfiguration section */
		5687DEF11523E33900177804 /* Debug */ = {
			isa = XCBuildConfiguration;
			buildSettings = {
				ALWAYS_SEARCH_USER_PATHS = NO;
				ARCHS = "$(ARCHS_STANDARD_32_BIT)";
				CODE_SIGN_IDENTITY = "iPhone Developer";
				"CODE_SIGN_IDENTITY[sdk=iphoneos*]" = "iPhone Developer";
				COPY_PHASE_STRIP = NO;
				GCC_C_LANGUAGE_STANDARD = gnu99;
				GCC_DYNAMIC_NO_PIC = NO;
				GCC_OPTIMIZATION_LEVEL = 0;
				GCC_PREPROCESSOR_DEFINITIONS = (
					"DEBUG=1",
					"$(inherited)",
				);
				GCC_SYMBOLS_PRIVATE_EXTERN = NO;
				GCC_VERSION = com.apple.compilers.llvm.clang.1_0;
				GCC_WARN_ABOUT_RETURN_TYPE = YES;
				GCC_WARN_UNINITIALIZED_AUTOS = YES;
				GCC_WARN_UNUSED_VARIABLE = YES;
				IPHONEOS_DEPLOYMENT_TARGET = 5.1;
				OTHER_LDFLAGS = (
					"-ObjC",
					"-all_load",
				);
				PROVISIONING_PROFILE = "";
				"PROVISIONING_PROFILE[sdk=iphoneos*]" = "";
				SDKROOT = iphoneos;
			};
			name = Debug;
		};
		5687DEF21523E33900177804 /* Release */ = {
			isa = XCBuildConfiguration;
			buildSettings = {
				ALWAYS_SEARCH_USER_PATHS = NO;
				ARCHS = "$(ARCHS_STANDARD_32_BIT)";
				CODE_SIGN_IDENTITY = "iPhone Developer";
				"CODE_SIGN_IDENTITY[sdk=iphoneos*]" = "iPhone Developer";
				COPY_PHASE_STRIP = YES;
				GCC_C_LANGUAGE_STANDARD = gnu99;
				GCC_VERSION = com.apple.compilers.llvm.clang.1_0;
				GCC_WARN_ABOUT_RETURN_TYPE = YES;
				GCC_WARN_UNINITIALIZED_AUTOS = YES;
				GCC_WARN_UNUSED_VARIABLE = YES;
				IPHONEOS_DEPLOYMENT_TARGET = 5.1;
				OTHER_CFLAGS = "-DNS_BLOCK_ASSERTIONS=1";
				OTHER_LDFLAGS = (
					"-ObjC",
					"-all_load",
				);
				PROVISIONING_PROFILE = "";
				"PROVISIONING_PROFILE[sdk=iphoneos*]" = "";
				SDKROOT = iphoneos;
				VALIDATE_PRODUCT = YES;
			};
			name = Release;
		};
		5687DEF41523E33900177804 /* Debug */ = {
			isa = XCBuildConfiguration;
			buildSettings = {
				FRAMEWORK_SEARCH_PATHS = (
					"$(inherited)",
					"\"$(SRCROOT)\"",
				);
				GCC_PRECOMPILE_PREFIX_HEADER = YES;
				GCC_PREFIX_HEADER = "FireChat/FireChat-Prefix.pch";
				INFOPLIST_FILE = "FireChat/FireChat-Info.plist";
				OTHER_LDFLAGS = (
					"-ObjC",
					"-all_load",
				);
				PRODUCT_NAME = "$(TARGET_NAME)";
				WRAPPER_EXTENSION = app;
			};
			name = Debug;
		};
		5687DEF51523E33900177804 /* Release */ = {
			isa = XCBuildConfiguration;
			buildSettings = {
				FRAMEWORK_SEARCH_PATHS = (
					"$(inherited)",
					"\"$(SRCROOT)\"",
				);
				GCC_PRECOMPILE_PREFIX_HEADER = YES;
				GCC_PREFIX_HEADER = "FireChat/FireChat-Prefix.pch";
				INFOPLIST_FILE = "FireChat/FireChat-Info.plist";
				OTHER_LDFLAGS = (
					"-ObjC",
					"-all_load",
				);
				PRODUCT_NAME = "$(TARGET_NAME)";
				WRAPPER_EXTENSION = app;
			};
			name = Release;
		};
/* End XCBuildConfiguration section */

/* Begin XCConfigurationList section */
		5687DECF1523E33900177804 /* Build configuration list for PBXProject "FireChat" */ = {
			isa = XCConfigurationList;
			buildConfigurations = (
				5687DEF11523E33900177804 /* Debug */,
				5687DEF21523E33900177804 /* Release */,
			);
			defaultConfigurationIsVisible = 0;
			defaultConfigurationName = Release;
		};
		5687DEF31523E33900177804 /* Build configuration list for PBXNativeTarget "FireChat" */ = {
			isa = XCConfigurationList;
			buildConfigurations = (
				5687DEF41523E33900177804 /* Debug */,
				5687DEF51523E33900177804 /* Release */,
			);
			defaultConfigurationIsVisible = 0;
			defaultConfigurationName = Release;
		};
/* End XCConfigurationList section */
	};
	rootObject = 5687DECC1523E33900177804 /* Project object */;
}
